{
  "name": "serverless",
  "version": "1.0.0",
  "lockfileVersion": 1,
  "requires": true,
  "dependencies": {
    "yaml": {
      "version": "0.2.3",
      "resolved": "https://registry.npmjs.org/yaml/-/yaml-0.2.3.tgz",
      "integrity": "sha1-tUUOkudu82td0k42YAkeuu7z5cc="
    },
    "yaml2json": {
      "version": "1.0.2",
      "resolved": "https://registry.npmjs.org/yaml2json/-/yaml2json-1.0.2.tgz",
      "integrity": "sha1-OrhG3rh8Bi2ZBOFDxpRxKNSIwRk=",
      "requires": {
        "yaml": "0.2.x"
      }
    }
  }
}
